
Microsoft Visual Studio Solution File, Format Version 12.00
# Visual Studio Version 16
VisualStudioVersion = 16.0.31702.278
MinimumVisualStudioVersion = 10.0.40219.1
Project("{FAE04EC0-301F-11D3-BF4B-00C04F79EFBC}") = "Concierto", "Concierto\Concierto.csproj", "{EE493B71-89C2-434C-9949-0EC44DE9577D}"
EndProject
Global
	GlobalSection(SolutionConfigurationPlatforms) = preSolution
		Debug|Any CPU = Debug|Any CPU
		Release|Any CPU = Release|Any CPU
	EndGlobalSection
	GlobalSection(ProjectConfigurationPlatforms) = postSolution
		{EE493B71-89C2-434C-9949-0EC44DE9577D}.Debug|Any CPU.ActiveCfg = Debug|Any CPU
		{EE493B71-89C2-434C-9949-0EC44DE9577D}.Debug|Any CPU.Build.0 = Debug|Any CPU
		{EE493B71-89C2-434C-9949-0EC44DE9577D}.Release|Any CPU.ActiveCfg = Release|Any CPU
		{EE493B71-89C2-434C-9949-0EC44DE9577D}.Release|Any CPU.Build.0 = Release|Any CPU
	EndGlobalSection
	GlobalSection(SolutionProperties) = preSolution
		HideSolutionNode = FALSE
	EndGlobalSection
	GlobalSection(ExtensibilityGlobals) = postSolution
		SolutionGuid = {E448FC18-726F-4F29-9F5D-4D146B4684DC}
	EndGlobalSection
EndGlobal
